# This file is automatically @generated by Cargo.
# It is not intended for manual editing.
version = 3

[[package]]
name = "maze"
version = "0.1.0"
dependencies = [
 "svg",
]

[[package]]
name = "svg"
version = "0.13.1"
source = "registry+https://github.com/rust-lang/crates.io-index"
checksum = "02d815ad337e8449d2374d4248448645edfe74e699343dd5719139d93fa87112"
